
Microsoft Visual Studio Solution File, Format Version 12.00
# Visual Studio Version 17
VisualStudioVersion = 17.14.36616.10 d17.14
MinimumVisualStudioVersion = 10.0.40219.1
Project("{FAE04EC0-301F-11D3-BF4B-00C04F79EFBC}") = "APP_TREINO_POO", "APP_TREINO_POO\APP_TREINO_POO.csproj", "{548D9459-148B-49AF-9DAE-8F5A7420B962}"
EndProject
Global
	GlobalSection(SolutionConfigurationPlatforms) = preSolution
		Debug|Any CPU = Debug|Any CPU
		Release|Any CPU = Release|Any CPU
	EndGlobalSection
	GlobalSection(ProjectConfigurationPlatforms) = postSolution
		{548D9459-148B-49AF-9DAE-8F5A7420B962}.Debug|Any CPU.ActiveCfg = Debug|Any CPU
		{548D9459-148B-49AF-9DAE-8F5A7420B962}.Debug|Any CPU.Build.0 = Debug|Any CPU
		{548D9459-148B-49AF-9DAE-8F5A7420B962}.Release|Any CPU.ActiveCfg = Release|Any CPU
		{548D9459-148B-49AF-9DAE-8F5A7420B962}.Release|Any CPU.Build.0 = Release|Any CPU
	EndGlobalSection
	GlobalSection(SolutionProperties) = preSolution
		HideSolutionNode = FALSE
	EndGlobalSection
	GlobalSection(ExtensibilityGlobals) = postSolution
		SolutionGuid = {CC6B8650-063D-4B6A-AE87-21C2590D61C9}
	EndGlobalSection
EndGlobal
